{
  "name": "fm-tpl_test",
  "version": "0.1.0",
  "lockfileVersion": 2,
  "requires": true,
  "packages": {
    "": {
      "name": "fm-tpl_test",
      "version": "0.1.0",
      "devDependencies": {
        "@tpl-ol/nsh": "^0.1.0-a3",
        "prettier": "^2.5.1"
      },
      "engines": {
        "node": ">=17.0",
        "npm": ">=8.0"
      }
    },
    "node_modules/@tpl-ol/nsh": {
      "version": "0.1.0-a3",
      "resolved": "https://registry.npmjs.org/@tpl-ol/nsh/-/nsh-0.1.0-a3.tgz",
      "integrity": "sha512-pUMhepGOuEggxGLISJomN47RRvrNvFUMXojfhpQRGl/l2TInGB8JuRuBoOzJm0HeC4ZtGVxAImk/qtgCFMRcHg==",
      "dev": true,
      "bin": {
        "ns": "bin/ns_en.js",
        "nsh": "bin/nsh_en.js",
        "壳": "bin/nsh_zh_CN.js",
        "壳依": "bin/ns_zh_CN.js"
      },
      "engines": {
        "node": ">=16.0",
        "npm": ">=7.0"
      }
    },
    "node_modules/prettier": {
      "version": "2.5.1",
      "resolved": "https://registry.npmjs.org/prettier/-/prettier-2.5.1.tgz",
      "integrity": "sha512-vBZcPRUR5MZJwoyi3ZoyQlc1rXeEck8KgeC9AwwOn+exuxLxq5toTRDTSaVrXHxelDMHy9zlicw8u66yxoSUFg==",
      "dev": true,
      "bin": {
        "prettier": "bin-prettier.js"
      },
      "engines": {
        "node": ">=10.13.0"
      }
    }
  },
  "dependencies": {
    "@tpl-ol/nsh": {
      "version": "0.1.0-a3",
      "resolved": "https://registry.npmjs.org/@tpl-ol/nsh/-/nsh-0.1.0-a3.tgz",
      "integrity": "sha512-pUMhepGOuEggxGLISJomN47RRvrNvFUMXojfhpQRGl/l2TInGB8JuRuBoOzJm0HeC4ZtGVxAImk/qtgCFMRcHg==",
      "dev": true
    },
    "prettier": {
      "version": "2.5.1",
      "resolved": "https://registry.npmjs.org/prettier/-/prettier-2.5.1.tgz",
      "integrity": "sha512-vBZcPRUR5MZJwoyi3ZoyQlc1rXeEck8KgeC9AwwOn+exuxLxq5toTRDTSaVrXHxelDMHy9zlicw8u66yxoSUFg==",
      "dev": true
    }
  }
}
